
Microsoft Visual Studio Solution File, Format Version 12.00
# Visual Studio Version 17
VisualStudioVersion = 17.11.35219.272
MinimumVisualStudioVersion = 10.0.40219.1
Project("{FAE04EC0-301F-11D3-BF4B-00C04F79EFBC}") = "MensageriaProject", "MensageriaProject\MensageriaProject.csproj", "{D205D19A-52F4-4B6A-B0C2-A0B9B9272B8A}"
EndProject
Global
	GlobalSection(SolutionConfigurationPlatforms) = preSolution
		Debug|Any CPU = Debug|Any CPU
		Release|Any CPU = Release|Any CPU
	EndGlobalSection
	GlobalSection(ProjectConfigurationPlatforms) = postSolution
		{D205D19A-52F4-4B6A-B0C2-A0B9B9272B8A}.Debug|Any CPU.ActiveCfg = Debug|Any CPU
		{D205D19A-52F4-4B6A-B0C2-A0B9B9272B8A}.Debug|Any CPU.Build.0 = Debug|Any CPU
		{D205D19A-52F4-4B6A-B0C2-A0B9B9272B8A}.Release|Any CPU.ActiveCfg = Release|Any CPU
		{D205D19A-52F4-4B6A-B0C2-A0B9B9272B8A}.Release|Any CPU.Build.0 = Release|Any CPU
	EndGlobalSection
	GlobalSection(SolutionProperties) = preSolution
		HideSolutionNode = FALSE
	EndGlobalSection
	GlobalSection(ExtensibilityGlobals) = postSolution
		SolutionGuid = {BA3349B4-AE3B-48DB-A211-605237AB9FA6}
	EndGlobalSection
EndGlobal
